{
  "name": "smart-logistics-tracking",
  "version": "0.1.0",
  "lockfileVersion": 3,
  "requires": true,
  "packages": {
    "": {
      "name": "smart-logistics-tracking",
      "version": "0.1.0",
      "dependencies": {
        "lucide": "^1.21.0"
      },
      "engines": {
        "node": ">=18"
      }
    },
    "node_modules/lucide": {
      "version": "1.21.0",
      "resolved": "https://registry.npmjs.org/lucide/-/lucide-1.21.0.tgz",
      "integrity": "sha512-m8g+tPjt1am9YBygKb36o2JOu5xOg7usbz0EORvPjn6MacIVy7desH1SNnV1ziMFHRGMGCcF5r1Jj80TxF2UTw==",
      "license": "ISC"
    }
  }
}
